
Microsoft Visual Studio Solution File, Format Version 12.00
# Visual Studio 2012
Project("{FAE04EC0-301F-11D3-BF4B-00C04F79EFBC}") = "1erRepositorio", "1erRepositorio\1erRepositorio.csproj", "{1E4DF591-1094-4036-88FD-02D734A343ED}"
EndProject
Global
	GlobalSection(SolutionConfigurationPlatforms) = preSolution
		Debug|Any CPU = Debug|Any CPU
		Release|Any CPU = Release|Any CPU
	EndGlobalSection
	GlobalSection(ProjectConfigurationPlatforms) = postSolution
		{1E4DF591-1094-4036-88FD-02D734A343ED}.Debug|Any CPU.ActiveCfg = Debug|Any CPU
		{1E4DF591-1094-4036-88FD-02D734A343ED}.Debug|Any CPU.Build.0 = Debug|Any CPU
		{1E4DF591-1094-4036-88FD-02D734A343ED}.Release|Any CPU.ActiveCfg = Release|Any CPU
		{1E4DF591-1094-4036-88FD-02D734A343ED}.Release|Any CPU.Build.0 = Release|Any CPU
	EndGlobalSection
	GlobalSection(SolutionProperties) = preSolution
		HideSolutionNode = FALSE
	EndGlobalSection
EndGlobal
